
Microsoft Visual Studio Solution File, Format Version 12.00
# Visual Studio Version 17
VisualStudioVersion = 17.4.33403.182
MinimumVisualStudioVersion = 10.0.40219.1
Project("{9A19103F-16F7-4668-BE54-9A1E7A4F7556}") = "Game", "Game\Game.csproj", "{B367536A-6488-466B-9679-1B3BB479F8F6}"
EndProject
Project("{9A19103F-16F7-4668-BE54-9A1E7A4F7556}") = "Solver", "Solver\Solver.csproj", "{A8B48B17-DFCC-4478-B29A-333D0B586265}"
EndProject
Project("{9A19103F-16F7-4668-BE54-9A1E7A4F7556}") = "Testing", "Testing\Testing.csproj", "{52F80743-2195-4D4E-92BD-218840A1B7B4}"
EndProject
Global
	GlobalSection(SolutionConfigurationPlatforms) = preSolution
		Debug|Any CPU = Debug|Any CPU
		Release|Any CPU = Release|Any CPU
	EndGlobalSection
	GlobalSection(ProjectConfigurationPlatforms) = postSolution
		{B367536A-6488-466B-9679-1B3BB479F8F6}.Debug|Any CPU.ActiveCfg = Debug|Any CPU
		{B367536A-6488-466B-9679-1B3BB479F8F6}.Debug|Any CPU.Build.0 = Debug|Any CPU
		{B367536A-6488-466B-9679-1B3BB479F8F6}.Release|Any CPU.ActiveCfg = Release|Any CPU
		{B367536A-6488-466B-9679-1B3BB479F8F6}.Release|Any CPU.Build.0 = Release|Any CPU
		{A8B48B17-DFCC-4478-B29A-333D0B586265}.Debug|Any CPU.ActiveCfg = Debug|Any CPU
		{A8B48B17-DFCC-4478-B29A-333D0B586265}.Debug|Any CPU.Build.0 = Debug|Any CPU
		{A8B48B17-DFCC-4478-B29A-333D0B586265}.Release|Any CPU.ActiveCfg = Release|Any CPU
		{A8B48B17-DFCC-4478-B29A-333D0B586265}.Release|Any CPU.Build.0 = Release|Any CPU
		{52F80743-2195-4D4E-92BD-218840A1B7B4}.Debug|Any CPU.ActiveCfg = Debug|Any CPU
		{52F80743-2195-4D4E-92BD-218840A1B7B4}.Debug|Any CPU.Build.0 = Debug|Any CPU
		{52F80743-2195-4D4E-92BD-218840A1B7B4}.Release|Any CPU.ActiveCfg = Release|Any CPU
		{52F80743-2195-4D4E-92BD-218840A1B7B4}.Release|Any CPU.Build.0 = Release|Any CPU
	EndGlobalSection
	GlobalSection(SolutionProperties) = preSolution
		HideSolutionNode = FALSE
	EndGlobalSection
	GlobalSection(ExtensibilityGlobals) = postSolution
		SolutionGuid = {B63BFF29-5576-45A7-8A84-BFEEBCBCA0F0}
	EndGlobalSection
EndGlobal
